
Microsoft Visual Studio Solution File, Format Version 12.00
# Visual Studio Version 16
VisualStudioVersion = 16.0.29728.190
MinimumVisualStudioVersion = 10.0.40219.1
Project("{FAE04EC0-301F-11D3-BF4B-00C04F79EFBC}") = "Guesser", "Guesser\Guesser.csproj", "{C41C98F9-E8BB-48BF-8716-021D1A76D028}"
EndProject
Global
	GlobalSection(SolutionConfigurationPlatforms) = preSolution
		Debug|Any CPU = Debug|Any CPU
		Release|Any CPU = Release|Any CPU
	EndGlobalSection
	GlobalSection(ProjectConfigurationPlatforms) = postSolution
		{C41C98F9-E8BB-48BF-8716-021D1A76D028}.Debug|Any CPU.ActiveCfg = Debug|Any CPU
		{C41C98F9-E8BB-48BF-8716-021D1A76D028}.Debug|Any CPU.Build.0 = Debug|Any CPU
		{C41C98F9-E8BB-48BF-8716-021D1A76D028}.Release|Any CPU.ActiveCfg = Release|Any CPU
		{C41C98F9-E8BB-48BF-8716-021D1A76D028}.Release|Any CPU.Build.0 = Release|Any CPU
	EndGlobalSection
	GlobalSection(SolutionProperties) = preSolution
		HideSolutionNode = FALSE
	EndGlobalSection
	GlobalSection(ExtensibilityGlobals) = postSolution
		SolutionGuid = {F3B3D8EA-AF4A-4FAD-A150-484E0392B1D4}
	EndGlobalSection
EndGlobal
